// !$*UTF8*$!
{
	archiveVersion = 1;
	classes = {
	};
	objectVersion = 56;
	objects = {

/* Begin PBXBuildFile section */
		1738C0A92C36C0280080040E /* deneme.json in Resources */ = {isa = PBXBuildFile; fileRef = 1738C0A82C36C0280080040E /* deneme.json */; };
		1738C0AB2C36C0480080040E /* LocalService.swift in Sources */ = {isa = PBXBuildFile; fileRef = 1738C0AA2C36C0480080040E /* LocalService.swift */; };
		1739E94F2C36BC6E0068D55D /* DetailsScreen.swift in Sources */ = {isa = PBXBuildFile; fileRef = 1739E94E2C36BC6E0068D55D /* DetailsScreen.swift */; };
		173B55672C37330A008343C5 /* DatabaseModel.swift in Sources */ = {isa = PBXBuildFile; fileRef = 173B55662C37330A008343C5 /* DatabaseModel.swift */; };
		17BE2CB02C380A7300EC8B1A /* FavoriteNewsScreen.swift in Sources */ = {isa = PBXBuildFile; fileRef = 17BE2CAF2C380A7300EC8B1A /* FavoriteNewsScreen.swift */; };
		17BE2CB22C380BAE00EC8B1A /* FavoriteNewsViewModel.swift in Sources */ = {isa = PBXBuildFile; fileRef = 17BE2CB12C380BAE00EC8B1A /* FavoriteNewsViewModel.swift */; };
		17BE2CB42C380DFD00EC8B1A /* DatabaseNewsModel.swift in Sources */ = {isa = PBXBuildFile; fileRef = 17BE2CB32C380DFD00EC8B1A /* DatabaseNewsModel.swift */; };
		17C569A22C356F050019416B /* LatestNewsAppApp.swift in Sources */ = {isa = PBXBuildFile; fileRef = 17C569A12C356F050019416B /* LatestNewsAppApp.swift */; };
		17C569A42C356F050019416B /* ListScreen.swift in Sources */ = {isa = PBXBuildFile; fileRef = 17C569A32C356F050019416B /* ListScreen.swift */; };
		17C569A62C356F080019416B /* Assets.xcassets in Resources */ = {isa = PBXBuildFile; fileRef = 17C569A52C356F080019416B /* Assets.xcassets */; };
		17C569A92C356F080019416B /* Preview Assets.xcassets in Resources */ = {isa = PBXBuildFile; fileRef = 17C569A82C356F080019416B /* Preview Assets.xcassets */; };
		17C569B02C356F7E0019416B /* Constants.swift in Sources */ = {isa = PBXBuildFile; fileRef = 17C569AF2C356F7E0019416B /* Constants.swift */; };
		17C569B62C35703F0019416B /* WebService.swift in Sources */ = {isa = PBXBuildFile; fileRef = 17C569B52C35703F0019416B /* WebService.swift */; };
		17C569B92C3570820019416B /* NewsModel.swift in Sources */ = {isa = PBXBuildFile; fileRef = 17C569B82C3570820019416B /* NewsModel.swift */; };
		17C569BB2C357BBA0019416B /* ListViewModel.swift in Sources */ = {isa = PBXBuildFile; fileRef = 17C569BA2C357BBA0019416B /* ListViewModel.swift */; };
/* End PBXBuildFile section */

/* Begin PBXFileReference section */
		1738C0A82C36C0280080040E /* deneme.json */ = {isa = PBXFileReference; fileEncoding = 4; lastKnownFileType = text.json; path = deneme.json; sourceTree = "<group>"; };
		1738C0AA2C36C0480080040E /* LocalService.swift */ = {isa = PBXFileReference; lastKnownFileType = sourcecode.swift; path = LocalService.swift; sourceTree = "<group>"; };
		1739E94E2C36BC6E0068D55D /* DetailsScreen.swift */ = {isa = PBXFileReference; lastKnownFileType = sourcecode.swift; path = DetailsScreen.swift; sourceTree = "<group>"; };
		173B55662C37330A008343C5 /* DatabaseModel.swift */ = {isa = PBXFileReference; lastKnownFileType = sourcecode.swift; path = DatabaseModel.swift; sourceTree = "<group>"; };
		17BE2CAF2C380A7300EC8B1A /* FavoriteNewsScreen.swift */ = {isa = PBXFileReference; lastKnownFileType = sourcecode.swift; path = FavoriteNewsScreen.swift; sourceTree = "<group>"; };
		17BE2CB12C380BAE00EC8B1A /* FavoriteNewsViewModel.swift */ = {isa = PBXFileReference; lastKnownFileType = sourcecode.swift; path = FavoriteNewsViewModel.swift; sourceTree = "<group>"; };
		17BE2CB32C380DFD00EC8B1A /* DatabaseNewsModel.swift */ = {isa = PBXFileReference; lastKnownFileType = sourcecode.swift; path = DatabaseNewsModel.swift; sourceTree = "<group>"; };
		17C5699E2C356F050019416B /* LatestNewsApp.app */ = {isa = PBXFileReference; explicitFileType = wrapper.application; includeInIndex = 0; path = LatestNewsApp.app; sourceTree = BUILT_PRODUCTS_DIR; };
		17C569A12C356F050019416B /* LatestNewsAppApp.swift */ = {isa = PBXFileReference; lastKnownFileType = sourcecode.swift; path = LatestNewsAppApp.swift; sourceTree = "<group>"; };
		17C569A32C356F050019416B /* ListScreen.swift */ = {isa = PBXFileReference; lastKnownFileType = sourcecode.swift; path = ListScreen.swift; sourceTree = "<group>"; };
		17C569A52C356F080019416B /* Assets.xcassets */ = {isa = PBXFileReference; lastKnownFileType = folder.assetcatalog; path = Assets.xcassets; sourceTree = "<group>"; };
		17C569A82C356F080019416B /* Preview Assets.xcassets */ = {isa = PBXFileReference; lastKnownFileType = folder.assetcatalog; path = "Preview Assets.xcassets"; sourceTree = "<group>"; };
		17C569AF2C356F7E0019416B /* Constants.swift */ = {isa = PBXFileReference; lastKnownFileType = sourcecode.swift; path = Constants.swift; sourceTree = "<group>"; };
		17C569B52C35703F0019416B /* WebService.swift */ = {isa = PBXFileReference; lastKnownFileType = sourcecode.swift; path = WebService.swift; sourceTree = "<group>"; };
		17C569B82C3570820019416B /* NewsModel.swift */ = {isa = PBXFileReference; lastKnownFileType = sourcecode.swift; path = NewsModel.swift; sourceTree = "<group>"; };
		17C569BA2C357BBA0019416B /* ListViewModel.swift */ = {isa = PBXFileReference; lastKnownFileType = sourcecode.swift; path = ListViewModel.swift; sourceTree = "<group>"; };
/* End PBXFileReference section */

/* Begin PBXFrameworksBuildPhase section */
		17C5699B2C356F050019416B /* Frameworks */ = {
			isa = PBXFrameworksBuildPhase;
			buildActionMask = 2147483647;
			files = (
			);
			runOnlyForDeploymentPostprocessing = 0;
		};
/* End PBXFrameworksBuildPhase section */

/* Begin PBXGroup section */
		1739E94B2C36B02C0068D55D /* Screen */ = {
			isa = PBXGroup;
			children = (
				17C569A32C356F050019416B /* ListScreen.swift */,
				1739E94E2C36BC6E0068D55D /* DetailsScreen.swift */,
				17BE2CAF2C380A7300EC8B1A /* FavoriteNewsScreen.swift */,
			);
			path = Screen;
			sourceTree = "<group>";
		};
		17A850322C36D6ED00054BB1 /* Constants */ = {
			isa = PBXGroup;
			children = (
				17C569AF2C356F7E0019416B /* Constants.swift */,
				1738C0A82C36C0280080040E /* deneme.json */,
			);
			path = Constants;
			sourceTree = "<group>";
		};
		17C569952C356F050019416B = {
			isa = PBXGroup;
			children = (
				17C569A02C356F050019416B /* LatestNewsApp */,
				17C5699F2C356F050019416B /* Products */,
			);
			sourceTree = "<group>";
		};
		17C5699F2C356F050019416B /* Products */ = {
			isa = PBXGroup;
			children = (
				17C5699E2C356F050019416B /* LatestNewsApp.app */,
			);
			name = Products;
			sourceTree = "<group>";
		};
		17C569A02C356F050019416B /* LatestNewsApp */ = {
			isa = PBXGroup;
			children = (
				17A850322C36D6ED00054BB1 /* Constants */,
				17C569B22C356FFE0019416B /* Services */,
				17C569B32C35700C0019416B /* ViewModel */,
				17C569B42C3570160019416B /* View */,
				1739E94B2C36B02C0068D55D /* Screen */,
				17C569B72C35706E0019416B /* Model */,
				17C569A12C356F050019416B /* LatestNewsAppApp.swift */,
				17C569A52C356F080019416B /* Assets.xcassets */,
				17C569A72C356F080019416B /* Preview Content */,
			);
			path = LatestNewsApp;
			sourceTree = "<group>";
		};
		17C569A72C356F080019416B /* Preview Content */ = {
			isa = PBXGroup;
			children = (
				17C569A82C356F080019416B /* Preview Assets.xcassets */,
			);
			path = "Preview Content";
			sourceTree = "<group>";
		};
		17C569B22C356FFE0019416B /* Services */ = {
			isa = PBXGroup;
			children = (
				17C569B52C35703F0019416B /* WebService.swift */,
				1738C0AA2C36C0480080040E /* LocalService.swift */,
			);
			path = Services;
			sourceTree = "<group>";
		};
		17C569B32C35700C0019416B /* ViewModel */ = {
			isa = PBXGroup;
			children = (
				17C569BA2C357BBA0019416B /* ListViewModel.swift */,
				17BE2CB12C380BAE00EC8B1A /* FavoriteNewsViewModel.swift */,
			);
			path = ViewModel;
			sourceTree = "<group>";
		};
		17C569B42C3570160019416B /* View */ = {
			isa = PBXGroup;
			children = (
			);
			path = View;
			sourceTree = "<group>";
		};
		17C569B72C35706E0019416B /* Model */ = {
			isa = PBXGroup;
			children = (
				17C569B82C3570820019416B /* NewsModel.swift */,
				173B55662C37330A008343C5 /* DatabaseModel.swift */,
				17BE2CB32C380DFD00EC8B1A /* DatabaseNewsModel.swift */,
			);
			path = Model;
			sourceTree = "<group>";
		};
/* End PBXGroup section */

/* Begin PBXNativeTarget section */
		17C5699D2C356F050019416B /* LatestNewsApp */ = {
			isa = PBXNativeTarget;
			buildConfigurationList = 17C569AC2C356F080019416B /* Build configuration list for PBXNativeTarget "LatestNewsApp" */;
			buildPhases = (
				17C5699A2C356F050019416B /* Sources */,
				17C5699B2C356F050019416B /* Frameworks */,
				17C5699C2C356F050019416B /* Resources */,
			);
			buildRules = (
			);
			dependencies = (
			);
			name = LatestNewsApp;
			productName = LatestNewsApp;
			productReference = 17C5699E2C356F050019416B /* LatestNewsApp.app */;
			productType = "com.apple.product-type.application";
		};
/* End PBXNativeTarget section */

/* Begin PBXProject section */
		17C569962C356F050019416B /* Project object */ = {
			isa = PBXProject;
			attributes = {
				BuildIndependentTargetsInParallel = 1;
				LastSwiftUpdateCheck = 1540;
				LastUpgradeCheck = 1540;
				TargetAttributes = {
					17C5699D2C356F050019416B = {
						CreatedOnToolsVersion = 15.4;
					};
				};
			};
			buildConfigurationList = 17C569992C356F050019416B /* Build configuration list for PBXProject "LatestNewsApp" */;
			compatibilityVersion = "Xcode 14.0";
			developmentRegion = en;
			hasScannedForEncodings = 0;
			knownRegions = (
				en,
				Base,
			);
			mainGroup = 17C569952C356F050019416B;
			productRefGroup = 17C5699F2C356F050019416B /* Products */;
			projectDirPath = "";
			projectRoot = "";
			targets = (
				17C5699D2C356F050019416B /* LatestNewsApp */,
			);
		};
/* End PBXProject section */

/* Begin PBXResourcesBuildPhase section */
		17C5699C2C356F050019416B /* Resources */ = {
			isa = PBXResourcesBuildPhase;
			buildActionMask = 2147483647;
			files = (
				17C569A92C356F080019416B /* Preview Assets.xcassets in Resources */,
				1738C0A92C36C0280080040E /* deneme.json in Resources */,
				17C569A62C356F080019416B /* Assets.xcassets in Resources */,
			);
			runOnlyForDeploymentPostprocessing = 0;
		};
/* End PBXResourcesBuildPhase section */

/* Begin PBXSourcesBuildPhase section */
		17C5699A2C356F050019416B /* Sources */ = {
			isa = PBXSourcesBuildPhase;
			buildActionMask = 2147483647;
			files = (
				17BE2CB02C380A7300EC8B1A /* FavoriteNewsScreen.swift in Sources */,
				17C569A42C356F050019416B /* ListScreen.swift in Sources */,
				17C569A22C356F050019416B /* LatestNewsAppApp.swift in Sources */,
				1738C0AB2C36C0480080040E /* LocalService.swift in Sources */,
				173B55672C37330A008343C5 /* DatabaseModel.swift in Sources */,
				17BE2CB42C380DFD00EC8B1A /* DatabaseNewsModel.swift in Sources */,
				17C569BB2C357BBA0019416B /* ListViewModel.swift in Sources */,
				1739E94F2C36BC6E0068D55D /* DetailsScreen.swift in Sources */,
				17C569B62C35703F0019416B /* WebService.swift in Sources */,
				17C569B02C356F7E0019416B /* Constants.swift in Sources */,
				17BE2CB22C380BAE00EC8B1A /* FavoriteNewsViewModel.swift in Sources */,
				17C569B92C3570820019416B /* NewsModel.swift in Sources */,
			);
			runOnlyForDeploymentPostprocessing = 0;
		};
/* End PBXSourcesBuildPhase section */

/* Begin XCBuildConfiguration section */
		17C569AA2C356F080019416B /* Debug */ = {
			isa = XCBuildConfiguration;
			buildSettings = {
				ALWAYS_SEARCH_USER_PATHS = NO;
				ASSETCATALOG_COMPILER_GENERATE_SWIFT_ASSET_SYMBOL_EXTENSIONS = YES;
				CLANG_ANALYZER_NONNULL = YES;
				CLANG_ANALYZER_NUMBER_OBJECT_CONVERSION = YES_AGGRESSIVE;
				CLANG_CXX_LANGUAGE_STANDARD = "gnu++20";
				CLANG_ENABLE_MODULES = YES;
				CLANG_ENABLE_OBJC_ARC = YES;
				CLANG_ENABLE_OBJC_WEAK = YES;
				CLANG_WARN_BLOCK_CAPTURE_AUTORELEASING = YES;
				CLANG_WARN_BOOL_CONVERSION = YES;
				CLANG_WARN_COMMA = YES;
				CLANG_WARN_CONSTANT_CONVERSION = YES;
				CLANG_WARN_DEPRECATED_OBJC_IMPLEMENTATIONS = YES;
				CLANG_WARN_DIRECT_OBJC_ISA_USAGE = YES_ERROR;
				CLANG_WARN_DOCUMENTATION_COMMENTS = YES;
				CLANG_WARN_EMPTY_BODY = YES;
				CLANG_WARN_ENUM_CONVERSION = YES;
				CLANG_WARN_INFINITE_RECURSION = YES;
				CLANG_WARN_INT_CONVERSION = YES;
				CLANG_WARN_NON_LITERAL_NULL_CONVERSION = YES;
				CLANG_WARN_OBJC_IMPLICIT_RETAIN_SELF = YES;
				CLANG_WARN_OBJC_LITERAL_CONVERSION = YES;
				CLANG_WARN_OBJC_ROOT_CLASS = YES_ERROR;
				CLANG_WARN_QUOTED_INCLUDE_IN_FRAMEWORK_HEADER = YES;
				CLANG_WARN_RANGE_LOOP_ANALYSIS = YES;
				CLANG_WARN_STRICT_PROTOTYPES = YES;
				CLANG_WARN_SUSPICIOUS_MOVE = YES;
				CLANG_WARN_UNGUARDED_AVAILABILITY = YES_AGGRESSIVE;
				CLANG_WARN_UNREACHABLE_CODE = YES;
				CLANG_WARN__DUPLICATE_METHOD_MATCH = YES;
				COPY_PHASE_STRIP = NO;
				DEBUG_INFORMATION_FORMAT = dwarf;
				ENABLE_STRICT_OBJC_MSGSEND = YES;
				ENABLE_TESTABILITY = YES;
				ENABLE_USER_SCRIPT_SANDBOXING = YES;
				GCC_C_LANGUAGE_STANDARD = gnu17;
				GCC_DYNAMIC_NO_PIC = NO;
				GCC_NO_COMMON_BLOCKS = YES;
				GCC_OPTIMIZATION_LEVEL = 0;
				GCC_PREPROCESSOR_DEFINITIONS = (
					"DEBUG=1",
					"$(inherited)",
				);
				GCC_WARN_64_TO_32_BIT_CONVERSION = YES;
				GCC_WARN_ABOUT_RETURN_TYPE = YES_ERROR;
				GCC_WARN_UNDECLARED_SELECTOR = YES;
				GCC_WARN_UNINITIALIZED_AUTOS = YES_AGGRESSIVE;
				GCC_WARN_UNUSED_FUNCTION = YES;
				GCC_WARN_UNUSED_VARIABLE = YES;
				IPHONEOS_DEPLOYMENT_TARGET = 17.5;
				LOCALIZATION_PREFERS_STRING_CATALOGS = YES;
				MTL_ENABLE_DEBUG_INFO = INCLUDE_SOURCE;
				MTL_FAST_MATH = YES;
				ONLY_ACTIVE_ARCH = YES;
				SDKROOT = iphoneos;
				SWIFT_ACTIVE_COMPILATION_CONDITIONS = "DEBUG $(inherited)";
				SWIFT_OPTIMIZATION_LEVEL = "-Onone";
			};
			name = Debug;
		};
		17C569AB2C356F080019416B /* Release */ = {
			isa = XCBuildConfiguration;
			buildSettings = {
				ALWAYS_SEARCH_USER_PATHS = NO;
				ASSETCATALOG_COMPILER_GENERATE_SWIFT_ASSET_SYMBOL_EXTENSIONS = YES;
				CLANG_ANALYZER_NONNULL = YES;
				CLANG_ANALYZER_NUMBER_OBJECT_CONVERSION = YES_AGGRESSIVE;
				CLANG_CXX_LANGUAGE_STANDARD = "gnu++20";
				CLANG_ENABLE_MODULES = YES;
				CLANG_ENABLE_OBJC_ARC = YES;
				CLANG_ENABLE_OBJC_WEAK = YES;
				CLANG_WARN_BLOCK_CAPTURE_AUTORELEASING = YES;
				CLANG_WARN_BOOL_CONVERSION = YES;
				CLANG_WARN_COMMA = YES;
				CLANG_WARN_CONSTANT_CONVERSION = YES;
				CLANG_WARN_DEPRECATED_OBJC_IMPLEMENTATIONS = YES;
				CLANG_WARN_DIRECT_OBJC_ISA_USAGE = YES_ERROR;
				CLANG_WARN_DOCUMENTATION_COMMENTS = YES;
				CLANG_WARN_EMPTY_BODY = YES;
				CLANG_WARN_ENUM_CONVERSION = YES;
				CLANG_WARN_INFINITE_RECURSION = YES;
				CLANG_WARN_INT_CONVERSION = YES;
				CLANG_WARN_NON_LITERAL_NULL_CONVERSION = YES;
				CLANG_WARN_OBJC_IMPLICIT_RETAIN_SELF = YES;
				CLANG_WARN_OBJC_LITERAL_CONVERSION = YES;
				CLANG_WARN_OBJC_ROOT_CLASS = YES_ERROR;
				CLANG_WARN_QUOTED_INCLUDE_IN_FRAMEWORK_HEADER = YES;
				CLANG_WARN_RANGE_LOOP_ANALYSIS = YES;
				CLANG_WARN_STRICT_PROTOTYPES = YES;
				CLANG_WARN_SUSPICIOUS_MOVE = YES;
				CLANG_WARN_UNGUARDED_AVAILABILITY = YES_AGGRESSIVE;
				CLANG_WARN_UNREACHABLE_CODE = YES;
				CLANG_WARN__DUPLICATE_METHOD_MATCH = YES;
				COPY_PHASE_STRIP = NO;
				DEBUG_INFORMATION_FORMAT = "dwarf-with-dsym";
				ENABLE_NS_ASSERTIONS = NO;
				ENABLE_STRICT_OBJC_MSGSEND = YES;
				ENABLE_USER_SCRIPT_SANDBOXING = YES;
				GCC_C_LANGUAGE_STANDARD = gnu17;
				GCC_NO_COMMON_BLOCKS = YES;
				GCC_WARN_64_TO_32_BIT_CONVERSION = YES;
				GCC_WARN_ABOUT_RETURN_TYPE = YES_ERROR;
				GCC_WARN_UNDECLARED_SELECTOR = YES;
				GCC_WARN_UNINITIALIZED_AUTOS = YES_AGGRESSIVE;
				GCC_WARN_UNUSED_FUNCTION = YES;
				GCC_WARN_UNUSED_VARIABLE = YES;
				IPHONEOS_DEPLOYMENT_TARGET = 17.5;
				LOCALIZATION_PREFERS_STRING_CATALOGS = YES;
				MTL_ENABLE_DEBUG_INFO = NO;
				MTL_FAST_MATH = YES;
				SDKROOT = iphoneos;
				SWIFT_COMPILATION_MODE = wholemodule;
				VALIDATE_PRODUCT = YES;
			};
			name = Release;
		};
		17C569AD2C356F080019416B /* Debug */ = {
			isa = XCBuildConfiguration;
			buildSettings = {
				ASSETCATALOG_COMPILER_APPICON_NAME = AppIcon;
				ASSETCATALOG_COMPILER_GLOBAL_ACCENT_COLOR_NAME = AccentColor;
				CODE_SIGN_STYLE = Automatic;
				CURRENT_PROJECT_VERSION = 1;
				DEVELOPMENT_ASSET_PATHS = "\"LatestNewsApp/Preview Content\"";
				DEVELOPMENT_TEAM = 3FGSKJ5G3V;
				ENABLE_PREVIEWS = YES;
				GENERATE_INFOPLIST_FILE = YES;
				INFOPLIST_KEY_UIApplicationSceneManifest_Generation = YES;
				INFOPLIST_KEY_UIApplicationSupportsIndirectInputEvents = YES;
				INFOPLIST_KEY_UILaunchScreen_Generation = YES;
				INFOPLIST_KEY_UISupportedInterfaceOrientations_iPad = "UIInterfaceOrientationPortrait UIInterfaceOrientationPortraitUpsideDown UIInterfaceOrientationLandscapeLeft UIInterfaceOrientationLandscapeRight";
				INFOPLIST_KEY_UISupportedInterfaceOrientations_iPhone = "UIInterfaceOrientationPortrait UIInterfaceOrientationLandscapeLeft UIInterfaceOrientationLandscapeRight";
				LD_RUNPATH_SEARCH_PATHS = (
					"$(inherited)",
					"@executable_path/Frameworks",
				);
				MARKETING_VERSION = 1.0;
				PRODUCT_BUNDLE_IDENTIFIER = com.jiyanatalay.LatestNewsApp;
				PRODUCT_NAME = "$(TARGET_NAME)";
				SWIFT_EMIT_LOC_STRINGS = YES;
				SWIFT_VERSION = 5.0;
				TARGETED_DEVICE_FAMILY = "1,2";
			};
			name = Debug;
		};
		17C569AE2C356F080019416B /* Release */ = {
			isa = XCBuildConfiguration;
			buildSettings = {
				ASSETCATALOG_COMPILER_APPICON_NAME = AppIcon;
				ASSETCATALOG_COMPILER_GLOBAL_ACCENT_COLOR_NAME = AccentColor;
				CODE_SIGN_STYLE = Automatic;
				CURRENT_PROJECT_VERSION = 1;
				DEVELOPMENT_ASSET_PATHS = "\"LatestNewsApp/Preview Content\"";
				DEVELOPMENT_TEAM = 3FGSKJ5G3V;
				ENABLE_PREVIEWS = YES;
				GENERATE_INFOPLIST_FILE = YES;
				INFOPLIST_KEY_UIApplicationSceneManifest_Generation = YES;
				INFOPLIST_KEY_UIApplicationSupportsIndirectInputEvents = YES;
				INFOPLIST_KEY_UILaunchScreen_Generation = YES;
				INFOPLIST_KEY_UISupportedInterfaceOrientations_iPad = "UIInterfaceOrientationPortrait UIInterfaceOrientationPortraitUpsideDown UIInterfaceOrientationLandscapeLeft UIInterfaceOrientationLandscapeRight";
				INFOPLIST_KEY_UISupportedInterfaceOrientations_iPhone = "UIInterfaceOrientationPortrait UIInterfaceOrientationLandscapeLeft UIInterfaceOrientationLandscapeRight";
				LD_RUNPATH_SEARCH_PATHS = (
					"$(inherited)",
					"@executable_path/Frameworks",
				);
				MARKETING_VERSION = 1.0;
				PRODUCT_BUNDLE_IDENTIFIER = com.jiyanatalay.LatestNewsApp;
				PRODUCT_NAME = "$(TARGET_NAME)";
				SWIFT_EMIT_LOC_STRINGS = YES;
				SWIFT_VERSION = 5.0;
				TARGETED_DEVICE_FAMILY = "1,2";
			};
			name = Release;
		};
/* End XCBuildConfiguration section */

/* Begin XCConfigurationList section */
		17C569992C356F050019416B /* Build configuration list for PBXProject "LatestNewsApp" */ = {
			isa = XCConfigurationList;
			buildConfigurations = (
				17C569AA2C356F080019416B /* Debug */,
				17C569AB2C356F080019416B /* Release */,
			);
			defaultConfigurationIsVisible = 0;
			defaultConfigurationName = Release;
		};
		17C569AC2C356F080019416B /* Build configuration list for PBXNativeTarget "LatestNewsApp" */ = {
			isa = XCConfigurationList;
			buildConfigurations = (
				17C569AD2C356F080019416B /* Debug */,
				17C569AE2C356F080019416B /* Release */,
			);
			defaultConfigurationIsVisible = 0;
			defaultConfigurationName = Release;
		};
/* End XCConfigurationList section */
	};
	rootObject = 17C569962C356F050019416B /* Project object */;
}
